
Microsoft Visual Studio Solution File, Format Version 12.00
# Visual Studio Version 17
VisualStudioVersion = 17.8.34525.116
MinimumVisualStudioVersion = 10.0.40219.1
Project("{9A19103F-16F7-4668-BE54-9A1E7A4F7556}") = "Auth", "Auth\Auth.csproj", "{BE8E6A9B-367E-480D-98D8-FB2A7533C151}"
EndProject
Project("{2150E333-8FDC-42A3-9474-1A3956D46DE8}") = "FrontEnd", "FrontEnd", "{66EECC6C-C392-47BF-938D-0E69717A6AA6}"
EndProject
Project("{2150E333-8FDC-42A3-9474-1A3956D46DE8}") = "Services", "Services", "{B464B243-43F9-4400-B06A-C3AC6E5CE556}"
EndProject
Project("{FAE04EC0-301F-11D3-BF4B-00C04F79EFBC}") = "Auth.Web", "Auth.Web\Auth.Web.csproj", "{381940CE-583B-4B55-91C6-35947294F2EC}"
EndProject
Global
	GlobalSection(SolutionConfigurationPlatforms) = preSolution
		Debug|Any CPU = Debug|Any CPU
		Release|Any CPU = Release|Any CPU
	EndGlobalSection
	GlobalSection(ProjectConfigurationPlatforms) = postSolution
		{BE8E6A9B-367E-480D-98D8-FB2A7533C151}.Debug|Any CPU.ActiveCfg = Debug|Any CPU
		{BE8E6A9B-367E-480D-98D8-FB2A7533C151}.Debug|Any CPU.Build.0 = Debug|Any CPU
		{BE8E6A9B-367E-480D-98D8-FB2A7533C151}.Release|Any CPU.ActiveCfg = Release|Any CPU
		{BE8E6A9B-367E-480D-98D8-FB2A7533C151}.Release|Any CPU.Build.0 = Release|Any CPU
		{381940CE-583B-4B55-91C6-35947294F2EC}.Debug|Any CPU.ActiveCfg = Debug|Any CPU
		{381940CE-583B-4B55-91C6-35947294F2EC}.Debug|Any CPU.Build.0 = Debug|Any CPU
		{381940CE-583B-4B55-91C6-35947294F2EC}.Release|Any CPU.ActiveCfg = Release|Any CPU
		{381940CE-583B-4B55-91C6-35947294F2EC}.Release|Any CPU.Build.0 = Release|Any CPU
	EndGlobalSection
	GlobalSection(SolutionProperties) = preSolution
		HideSolutionNode = FALSE
	EndGlobalSection
	GlobalSection(NestedProjects) = preSolution
		{BE8E6A9B-367E-480D-98D8-FB2A7533C151} = {B464B243-43F9-4400-B06A-C3AC6E5CE556}
		{381940CE-583B-4B55-91C6-35947294F2EC} = {66EECC6C-C392-47BF-938D-0E69717A6AA6}
	EndGlobalSection
	GlobalSection(ExtensibilityGlobals) = postSolution
		SolutionGuid = {1675AAA8-63EA-45CD-9515-C274359FF374}
	EndGlobalSection
EndGlobal
